
Microsoft Visual Studio Solution File, Format Version 12.00
# Visual Studio Version 17
VisualStudioVersion = 17.1.32319.34
MinimumVisualStudioVersion = 10.0.40219.1
Project("{FAE04EC0-301F-11D3-BF4B-00C04F79EFBC}") = "5_2", "5_2\5_2.csproj", "{140F125B-9860-4235-87EF-70DAE9D9CEDF}"
EndProject
Global
	GlobalSection(SolutionConfigurationPlatforms) = preSolution
		Debug|Any CPU = Debug|Any CPU
		Release|Any CPU = Release|Any CPU
	EndGlobalSection
	GlobalSection(ProjectConfigurationPlatforms) = postSolution
		{140F125B-9860-4235-87EF-70DAE9D9CEDF}.Debug|Any CPU.ActiveCfg = Debug|Any CPU
		{140F125B-9860-4235-87EF-70DAE9D9CEDF}.Debug|Any CPU.Build.0 = Debug|Any CPU
		{140F125B-9860-4235-87EF-70DAE9D9CEDF}.Release|Any CPU.ActiveCfg = Release|Any CPU
		{140F125B-9860-4235-87EF-70DAE9D9CEDF}.Release|Any CPU.Build.0 = Release|Any CPU
	EndGlobalSection
	GlobalSection(SolutionProperties) = preSolution
		HideSolutionNode = FALSE
	EndGlobalSection
	GlobalSection(ExtensibilityGlobals) = postSolution
		SolutionGuid = {1C2A98BD-4236-46BA-A0F5-74F57A10E21D}
	EndGlobalSection
EndGlobal
